
Microsoft Visual Studio Solution File, Format Version 12.00
# Visual Studio 15
VisualStudioVersion = 15.0.26430.16
MinimumVisualStudioVersion = 10.0.40219.1
Project("{9A19103F-16F7-4668-BE54-9A1E7A4F7556}") = "Ammy.XamarinForms", "Ammy.XamarinForms\Ammy.XamarinForms.csproj", "{86053844-9E99-4887-BAA1-74CE8C9983AC}"
	ProjectSection(ProjectDependencies) = postProject
		{AA3A5F92-B3F9-4F41-9523-534882EEDE1B} = {AA3A5F92-B3F9-4F41-9523-534882EEDE1B}
	EndProjectSection
EndProject
Project("{9A19103F-16F7-4668-BE54-9A1E7A4F7556}") = "Ammy.Generator", "Ammy.Generator\Ammy.Generator.csproj", "{AA3A5F92-B3F9-4F41-9523-534882EEDE1B}"
EndProject
Project("{9A19103F-16F7-4668-BE54-9A1E7A4F7556}") = "Ammy", "Ammy\Ammy.csproj", "{5CB8A237-CFB0-48F2-8CA5-0D010B031CD5}"
EndProject
Project("{FAE04EC0-301F-11D3-BF4B-00C04F79EFBC}") = "Ammy.VisualStudio", "Ammy.VisualStudio\Ammy.VisualStudio.csproj", "{B1C6608E-8AF8-4622-91BA-C3FFFA5A0A29}"
EndProject
Global
	GlobalSection(SolutionConfigurationPlatforms) = preSolution
		Debug|Any CPU = Debug|Any CPU
		Release|Any CPU = Release|Any CPU
	EndGlobalSection
	GlobalSection(ProjectConfigurationPlatforms) = postSolution
		{86053844-9E99-4887-BAA1-74CE8C9983AC}.Debug|Any CPU.ActiveCfg = Debug|Any CPU
		{86053844-9E99-4887-BAA1-74CE8C9983AC}.Debug|Any CPU.Build.0 = Debug|Any CPU
		{86053844-9E99-4887-BAA1-74CE8C9983AC}.Release|Any CPU.ActiveCfg = Release|Any CPU
		{86053844-9E99-4887-BAA1-74CE8C9983AC}.Release|Any CPU.Build.0 = Release|Any CPU
		{AA3A5F92-B3F9-4F41-9523-534882EEDE1B}.Debug|Any CPU.ActiveCfg = Debug|Any CPU
		{AA3A5F92-B3F9-4F41-9523-534882EEDE1B}.Debug|Any CPU.Build.0 = Debug|Any CPU
		{AA3A5F92-B3F9-4F41-9523-534882EEDE1B}.Release|Any CPU.ActiveCfg = Release|Any CPU
		{AA3A5F92-B3F9-4F41-9523-534882EEDE1B}.Release|Any CPU.Build.0 = Release|Any CPU
		{5CB8A237-CFB0-48F2-8CA5-0D010B031CD5}.Debug|Any CPU.ActiveCfg = Debug|Any CPU
		{5CB8A237-CFB0-48F2-8CA5-0D010B031CD5}.Debug|Any CPU.Build.0 = Debug|Any CPU
		{5CB8A237-CFB0-48F2-8CA5-0D010B031CD5}.Release|Any CPU.ActiveCfg = Release|Any CPU
		{5CB8A237-CFB0-48F2-8CA5-0D010B031CD5}.Release|Any CPU.Build.0 = Release|Any CPU
		{B1C6608E-8AF8-4622-91BA-C3FFFA5A0A29}.Debug|Any CPU.ActiveCfg = Debug|Any CPU
		{B1C6608E-8AF8-4622-91BA-C3FFFA5A0A29}.Debug|Any CPU.Build.0 = Debug|Any CPU
		{B1C6608E-8AF8-4622-91BA-C3FFFA5A0A29}.Release|Any CPU.ActiveCfg = Release|Any CPU
		{B1C6608E-8AF8-4622-91BA-C3FFFA5A0A29}.Release|Any CPU.Build.0 = Release|Any CPU
	EndGlobalSection
	GlobalSection(SolutionProperties) = preSolution
		HideSolutionNode = FALSE
	EndGlobalSection
	GlobalSection(ExtensibilityGlobals) = postSolution
		SolutionGuid = {208F6EFE-A49B-4F09-8CE0-1F236BBEDCD9}
	EndGlobalSection
EndGlobal
